
Microsoft Visual Studio Solution File, Format Version 12.00
# Visual Studio 14
VisualStudioVersion = 14.0.23107.0
MinimumVisualStudioVersion = 10.0.40219.1
Project("{E24C65DC-7377-472B-9ABA-BC803B73C61A}") = "SmartWallets", ".", "{BA3E3EF0-21DF-4B42-AB91-3C19600D4F4E}"
	ProjectSection(WebsiteProperties) = preProject
		TargetFrameworkMoniker = ".NETFramework,Version%3Dv4.0"
		Debug.AspNetCompiler.VirtualPath = "/localhost_59153"
		Debug.AspNetCompiler.PhysicalPath = "..\SmartWallets\"
		Debug.AspNetCompiler.TargetPath = "PrecompiledWeb\localhost_59153\"
		Debug.AspNetCompiler.Updateable = "true"
		Debug.AspNetCompiler.ForceOverwrite = "true"
		Debug.AspNetCompiler.FixedNames = "false"
		Debug.AspNetCompiler.Debug = "True"
		Release.AspNetCompiler.VirtualPath = "/localhost_59153"
		Release.AspNetCompiler.PhysicalPath = "..\SmartWallets\"
		Release.AspNetCompiler.TargetPath = "PrecompiledWeb\localhost_59153\"
		Release.AspNetCompiler.Updateable = "true"
		Release.AspNetCompiler.ForceOverwrite = "true"
		Release.AspNetCompiler.FixedNames = "false"
		Release.AspNetCompiler.Debug = "False"
		VWDPort = "59153"
		SlnRelativePath = "..\SmartWallets\"
	EndProjectSection
EndProject
Global
	GlobalSection(SolutionConfigurationPlatforms) = preSolution
		Debug|Any CPU = Debug|Any CPU
	EndGlobalSection
	GlobalSection(ProjectConfigurationPlatforms) = postSolution
		{BA3E3EF0-21DF-4B42-AB91-3C19600D4F4E}.Debug|Any CPU.ActiveCfg = Debug|Any CPU
		{BA3E3EF0-21DF-4B42-AB91-3C19600D4F4E}.Debug|Any CPU.Build.0 = Debug|Any CPU
	EndGlobalSection
	GlobalSection(SolutionProperties) = preSolution
		HideSolutionNode = FALSE
	EndGlobalSection
EndGlobal
